Microsoft Visual Studio Solution File, Format Version 12.00
# Visual Studio Version 17
VisualStudioVersion = 17.0.31903.59
MinimumVisualStudioVersion = 10.0.40219.1
Project("{9A19103F-16F7-4668-BE54-9A1E7A4F7556}") = "VoiceTyper", "VoiceTyper\VoiceTyper.csproj", "{2C70D34D-FD34-A3A4-8EC4-FA85F8880494}"
EndProject
Project("{930C7802-8A8C-48F9-8165-68863BCCD9DD}") = "VoiceTyperSetup", "VoiceTyperSetup\VoiceTyperSetup.wixproj", "{51234567-1234-1234-1234-123456789012}"
EndProject
Global
	GlobalSection(SolutionConfigurationPlatforms) = preSolution
		Debug|Any CPU = Debug|Any CPU
		Debug|x64 = Debug|x64
		Release|Any CPU = Release|Any CPU
		Release|x64 = Release|x64
	EndGlobalSection
	GlobalSection(ProjectConfigurationPlatforms) = postSolution
		{2C70D34D-FD34-A3A4-8EC4-FA85F8880494}.Debug|Any CPU.ActiveCfg = Release|Any CPU
		{2C70D34D-FD34-A3A4-8EC4-FA85F8880494}.Debug|Any CPU.Build.0 = Release|Any CPU
		{2C70D34D-FD34-A3A4-8EC4-FA85F8880494}.Debug|x64.ActiveCfg = Debug|Any CPU
		{2C70D34D-FD34-A3A4-8EC4-FA85F8880494}.Debug|x64.Build.0 = Debug|Any CPU
		{2C70D34D-FD34-A3A4-8EC4-FA85F8880494}.Release|Any CPU.ActiveCfg = Release|Any CPU
		{2C70D34D-FD34-A3A4-8EC4-FA85F8880494}.Release|Any CPU.Build.0 = Release|Any CPU
		{2C70D34D-FD34-A3A4-8EC4-FA85F8880494}.Release|x64.ActiveCfg = Release|Any CPU
		{2C70D34D-FD34-A3A4-8EC4-FA85F8880494}.Release|x64.Build.0 = Release|Any CPU
		{51234567-1234-1234-1234-123456789012}.Debug|Any CPU.ActiveCfg = Release|x64
		{51234567-1234-1234-1234-123456789012}.Debug|Any CPU.Build.0 = Release|x64
		{51234567-1234-1234-1234-123456789012}.Debug|x64.ActiveCfg = Debug|x64
		{51234567-1234-1234-1234-123456789012}.Debug|x64.Build.0 = Debug|x64
		{51234567-1234-1234-1234-123456789012}.Release|Any CPU.ActiveCfg = Release|x64
		{51234567-1234-1234-1234-123456789012}.Release|Any CPU.Build.0 = Release|x64
		{51234567-1234-1234-1234-123456789012}.Release|x64.ActiveCfg = Release|x64
		{51234567-1234-1234-1234-123456789012}.Release|x64.Build.0 = Release|x64
	EndGlobalSection
	GlobalSection(SolutionProperties) = preSolution
		HideSolutionNode = FALSE
	EndGlobalSection
	GlobalSection(ExtensibilityGlobals) = postSolution
		SolutionGuid = {65A76016-A60E-4C20-B4E0-279904044FAC}
	EndGlobalSection
EndGlobal
